// !$*UTF8*$!
{
	archiveVersion = 1;
	classes = {
	};
	objectVersion = 77;
	objects = {

/* Begin PBXBuildFile section */
		5CDFC6582E9FD32300634628 /* SwiftCSV in Frameworks */ = {isa = PBXBuildFile; productRef = 5CDFC6572E9FD32300634628 /* SwiftCSV */; };
/* End PBXBuildFile section */

/* Begin PBXContainerItemProxy section */
		5CEECB682E9BBBFB007D7F65 /* PBXContainerItemProxy */ = {
			isa = PBXContainerItemProxy;
			containerPortal = 5CEECB4F2E9BBBFA007D7F65 /* Project object */;
			proxyType = 1;
			remoteGlobalIDString = 5CEECB562E9BBBFA007D7F65;
			remoteInfo = flashcards;
		};
		5CEECB722E9BBBFB007D7F65 /* PBXContainerItemProxy */ = {
			isa = PBXContainerItemProxy;
			containerPortal = 5CEECB4F2E9BBBFA007D7F65 /* Project object */;
			proxyType = 1;
			remoteGlobalIDString = 5CEECB562E9BBBFA007D7F65;
			remoteInfo = flashcards;
		};
/* End PBXContainerItemProxy section */

/* Begin PBXFileReference section */
		5CEECB572E9BBBFA007D7F65 /* MinimalCards.app */ = {isa = PBXFileReference; explicitFileType = wrapper.application; includeInIndex = 0; path = MinimalCards.app; sourceTree = BUILT_PRODUCTS_DIR; };
		5CEECB672E9BBBFB007D7F65 /* flashcardsTests.xctest */ = {isa = PBXFileReference; explicitFileType = wrapper.cfbundle; includeInIndex = 0; path = flashcardsTests.xctest; sourceTree = BUILT_PRODUCTS_DIR; };
		5CEECB712E9BBBFB007D7F65 /* flashcardsUITests.xctest */ = {isa = PBXFileReference; explicitFileType = wrapper.cfbundle; includeInIndex = 0; path = flashcardsUITests.xctest; sourceTree = BUILT_PRODUCTS_DIR; };
/* End PBXFileReference section */

/* Begin PBXFileSystemSynchronizedRootGroup section */
		5CEECB592E9BBBFA007D7F65 /* flashcards */ = {
			isa = PBXFileSystemSynchronizedRootGroup;
			path = flashcards;
			sourceTree = "<group>";
		};
		5CEECB6A2E9BBBFB007D7F65 /* flashcardsTests */ = {
			isa = PBXFileSystemSynchronizedRootGroup;
			path = flashcardsTests;
			sourceTree = "<group>";
		};
		5CEECB742E9BBBFB007D7F65 /* flashcardsUITests */ = {
			isa = PBXFileSystemSynchronizedRootGroup;
			path = flashcardsUITests;
			sourceTree = "<group>";
		};
/* End PBXFileSystemSynchronizedRootGroup section */

/* Begin PBXFrameworksBuildPhase section */
		5CEECB542E9BBBFA007D7F65 /* Frameworks */ = {
			isa = PBXFrameworksBuildPhase;
			buildActionMask = 2147483647;
			files = (
				5CDFC6582E9FD32300634628 /* SwiftCSV in Frameworks */,
			);
			runOnlyForDeploymentPostprocessing = 0;
		};
		5CEECB642E9BBBFB007D7F65 /* Frameworks */ = {
			isa = PBXFrameworksBuildPhase;
			buildActionMask = 2147483647;
			files = (
			);
			runOnlyForDeploymentPostprocessing = 0;
		};
		5CEECB6E2E9BBBFB007D7F65 /* Frameworks */ = {
			isa = PBXFrameworksBuildPhase;
			buildActionMask = 2147483647;
			files = (
			);
			runOnlyForDeploymentPostprocessing = 0;
		};
/* End PBXFrameworksBuildPhase section */

/* Begin PBXGroup section */
		5CEECB4E2E9BBBFA007D7F65 = {
			isa = PBXGroup;
			children = (
				5CEECB592E9BBBFA007D7F65 /* flashcards */,
				5CEECB6A2E9BBBFB007D7F65 /* flashcardsTests */,
				5CEECB742E9BBBFB007D7F65 /* flashcardsUITests */,
				5CEECB582E9BBBFA007D7F65 /* Products */,
			);
			sourceTree = "<group>";
		};
		5CEECB582E9BBBFA007D7F65 /* Products */ = {
			isa = PBXGroup;
			children = (
				5CEECB572E9BBBFA007D7F65 /* MinimalCards.app */,
				5CEECB672E9BBBFB007D7F65 /* flashcardsTests.xctest */,
				5CEECB712E9BBBFB007D7F65 /* flashcardsUITests.xctest */,
			);
			name = Products;
			sourceTree = "<group>";
		};
/* End PBXGroup section */

/* Begin PBXNativeTarget section */
		5CEECB562E9BBBFA007D7F65 /* flashcards */ = {
			isa = PBXNativeTarget;
			buildConfigurationList = 5CEECB7B2E9BBBFB007D7F65 /* Build configuration list for PBXNativeTarget "flashcards" */;
			buildPhases = (
				5CEECB532E9BBBFA007D7F65 /* Sources */,
				5CEECB542E9BBBFA007D7F65 /* Frameworks */,
				5CEECB552E9BBBFA007D7F65 /* Resources */,
			);
			buildRules = (
			);
			dependencies = (
			);
			fileSystemSynchronizedGroups = (
				5CEECB592E9BBBFA007D7F65 /* flashcards */,
			);
			name = flashcards;
			packageProductDependencies = (
				5CDFC6572E9FD32300634628 /* SwiftCSV */,
			);
			productName = flashcards;
			productReference = 5CEECB572E9BBBFA007D7F65 /* MinimalCards.app */;
			productType = "com.apple.product-type.application";
		};
		5CEECB662E9BBBFB007D7F65 /* flashcardsTests */ = {
			isa = PBXNativeTarget;
			buildConfigurationList = 5CEECB7E2E9BBBFB007D7F65 /* Build configuration list for PBXNativeTarget "flashcardsTests" */;
			buildPhases = (
				5CEECB632E9BBBFB007D7F65 /* Sources */,
				5CEECB642E9BBBFB007D7F65 /* Frameworks */,
				5CEECB652E9BBBFB007D7F65 /* Resources */,
			);
			buildRules = (
			);
			dependencies = (
				5CEECB692E9BBBFB007D7F65 /* PBXTargetDependency */,
			);
			fileSystemSynchronizedGroups = (
				5CEECB6A2E9BBBFB007D7F65 /* flashcardsTests */,
			);
			name = flashcardsTests;
			packageProductDependencies = (
			);
			productName = flashcardsTests;
			productReference = 5CEECB672E9BBBFB007D7F65 /* flashcardsTests.xctest */;
			productType = "com.apple.product-type.bundle.unit-test";
		};
		5CEECB702E9BBBFB007D7F65 /* flashcardsUITests */ = {
			isa = PBXNativeTarget;
			buildConfigurationList = 5CEECB812E9BBBFB007D7F65 /* Build configuration list for PBXNativeTarget "flashcardsUITests" */;
			buildPhases = (
				5CEECB6D2E9BBBFB007D7F65 /* Sources */,
				5CEECB6E2E9BBBFB007D7F65 /* Frameworks */,
				5CEECB6F2E9BBBFB007D7F65 /* Resources */,
			);
			buildRules = (
			);
			dependencies = (
				5CEECB732E9BBBFB007D7F65 /* PBXTargetDependency */,
			);
			fileSystemSynchronizedGroups = (
				5CEECB742E9BBBFB007D7F65 /* flashcardsUITests */,
			);
			name = flashcardsUITests;
			packageProductDependencies = (
			);
			productName = flashcardsUITests;
			productReference = 5CEECB712E9BBBFB007D7F65 /* flashcardsUITests.xctest */;
			productType = "com.apple.product-type.bundle.ui-testing";
		};
/* End PBXNativeTarget section */

/* Begin PBXProject section */
		5CEECB4F2E9BBBFA007D7F65 /* Project object */ = {
			isa = PBXProject;
			attributes = {
				BuildIndependentTargetsInParallel = 1;
				LastSwiftUpdateCheck = 1620;
				LastUpgradeCheck = 1620;
				TargetAttributes = {
					5CEECB562E9BBBFA007D7F65 = {
						CreatedOnToolsVersion = 16.2;
					};
					5CEECB662E9BBBFB007D7F65 = {
						CreatedOnToolsVersion = 16.2;
						TestTargetID = 5CEECB562E9BBBFA007D7F65;
					};
					5CEECB702E9BBBFB007D7F65 = {
						CreatedOnToolsVersion = 16.2;
						TestTargetID = 5CEECB562E9BBBFA007D7F65;
					};
				};
			};
			buildConfigurationList = 5CEECB522E9BBBFA007D7F65 /* Build configuration list for PBXProject "flashcards" */;
			developmentRegion = en;
			hasScannedForEncodings = 0;
			knownRegions = (
				en,
				Base,
			);
			mainGroup = 5CEECB4E2E9BBBFA007D7F65;
			minimizedProjectReferenceProxies = 1;
			packageReferences = (
				5C8334672E9FD2B000DAE589 /* XCRemoteSwiftPackageReference "SwiftCSV" */,
			);
			preferredProjectObjectVersion = 77;
			productRefGroup = 5CEECB582E9BBBFA007D7F65 /* Products */;
			projectDirPath = "";
			projectRoot = "";
			targets = (
				5CEECB562E9BBBFA007D7F65 /* flashcards */,
				5CEECB662E9BBBFB007D7F65 /* flashcardsTests */,
				5CEECB702E9BBBFB007D7F65 /* flashcardsUITests */,
			);
		};
/* End PBXProject section */

/* Begin PBXResourcesBuildPhase section */
		5CEECB552E9BBBFA007D7F65 /* Resources */ = {
			isa = PBXResourcesBuildPhase;
			buildActionMask = 2147483647;
			files = (
			);
			runOnlyForDeploymentPostprocessing = 0;
		};
		5CEECB652E9BBBFB007D7F65 /* Resources */ = {
			isa = PBXResourcesBuildPhase;
			buildActionMask = 2147483647;
			files = (
			);
			runOnlyForDeploymentPostprocessing = 0;
		};
		5CEECB6F2E9BBBFB007D7F65 /* Resources */ = {
			isa = PBXResourcesBuildPhase;
			buildActionMask = 2147483647;
			files = (
			);
			runOnlyForDeploymentPostprocessing = 0;
		};
/* End PBXResourcesBuildPhase section */

/* Begin PBXSourcesBuildPhase section */
		5CEECB532E9BBBFA007D7F65 /* Sources */ = {
			isa = PBXSourcesBuildPhase;
			buildActionMask = 2147483647;
			files = (
			);
			runOnlyForDeploymentPostprocessing = 0;
		};
		5CEECB632E9BBBFB007D7F65 /* Sources */ = {
			isa = PBXSourcesBuildPhase;
			buildActionMask = 2147483647;
			files = (
			);
			runOnlyForDeploymentPostprocessing = 0;
		};
		5CEECB6D2E9BBBFB007D7F65 /* Sources */ = {
			isa = PBXSourcesBuildPhase;
			buildActionMask = 2147483647;
			files = (
			);
			runOnlyForDeploymentPostprocessing = 0;
		};
/* End PBXSourcesBuildPhase section */

/* Begin PBXTargetDependency section */
		5CEECB692E9BBBFB007D7F65 /* PBXTargetDependency */ = {
			isa = PBXTargetDependency;
			target = 5CEECB562E9BBBFA007D7F65 /* flashcards */;
			targetProxy = 5CEECB682E9BBBFB007D7F65 /* PBXContainerItemProxy */;
		};
		5CEECB732E9BBBFB007D7F65 /* PBXTargetDependency */ = {
			isa = PBXTargetDependency;
			target = 5CEECB562E9BBBFA007D7F65 /* flashcards */;
			targetProxy = 5CEECB722E9BBBFB007D7F65 /* PBXContainerItemProxy */;
		};
/* End PBXTargetDependency section */

/* Begin XCBuildConfiguration section */
		5CEECB792E9BBBFB007D7F65 /* Debug */ = {
			isa = XCBuildConfiguration;
			buildSettings = {
				ALWAYS_SEARCH_USER_PATHS = NO;
				ASSETCATALOG_COMPILER_GENERATE_SWIFT_ASSET_SYMBOL_EXTENSIONS = YES;
				CLANG_ANALYZER_NONNULL = YES;
				CLANG_ANALYZER_NUMBER_OBJECT_CONVERSION = YES_AGGRESSIVE;
				CLANG_CXX_LANGUAGE_STANDARD = "gnu++20";
				CLANG_ENABLE_MODULES = YES;
				CLANG_ENABLE_OBJC_ARC = YES;
				CLANG_ENABLE_OBJC_WEAK = YES;
				CLANG_WARN_BLOCK_CAPTURE_AUTORELEASING = YES;
				CLANG_WARN_BOOL_CONVERSION = YES;
				CLANG_WARN_COMMA = YES;
				CLANG_WARN_CONSTANT_CONVERSION = YES;
				CLANG_WARN_DEPRECATED_OBJC_IMPLEMENTATIONS = YES;
				CLANG_WARN_DIRECT_OBJC_ISA_USAGE = YES_ERROR;
				CLANG_WARN_DOCUMENTATION_COMMENTS = YES;
				CLANG_WARN_EMPTY_BODY = YES;
				CLANG_WARN_ENUM_CONVERSION = YES;
				CLANG_WARN_INFINITE_RECURSION = YES;
				CLANG_WARN_INT_CONVERSION = YES;
				CLANG_WARN_NON_LITERAL_NULL_CONVERSION = YES;
				CLANG_WARN_OBJC_IMPLICIT_RETAIN_SELF = YES;
				CLANG_WARN_OBJC_LITERAL_CONVERSION = YES;
				CLANG_WARN_OBJC_ROOT_CLASS = YES_ERROR;
				CLANG_WARN_QUOTED_INCLUDE_IN_FRAMEWORK_HEADER = YES;
				CLANG_WARN_RANGE_LOOP_ANALYSIS = YES;
				CLANG_WARN_STRICT_PROTOTYPES = YES;
				CLANG_WARN_SUSPICIOUS_MOVE = YES;
				CLANG_WARN_UNGUARDED_AVAILABILITY = YES_AGGRESSIVE;
				CLANG_WARN_UNREACHABLE_CODE = YES;
				CLANG_WARN__DUPLICATE_METHOD_MATCH = YES;
				COPY_PHASE_STRIP = NO;
				DEBUG_INFORMATION_FORMAT = dwarf;
				ENABLE_STRICT_OBJC_MSGSEND = YES;
				ENABLE_TESTABILITY = YES;
				ENABLE_USER_SCRIPT_SANDBOXING = YES;
				GCC_C_LANGUAGE_STANDARD = gnu17;
				GCC_DYNAMIC_NO_PIC = NO;
				GCC_NO_COMMON_BLOCKS = YES;
				GCC_OPTIMIZATION_LEVEL = 0;
				GCC_PREPROCESSOR_DEFINITIONS = (
					"DEBUG=1",
					"$(inherited)",
				);
				GCC_WARN_64_TO_32_BIT_CONVERSION = YES;
				GCC_WARN_ABOUT_RETURN_TYPE = YES_ERROR;
				GCC_WARN_UNDECLARED_SELECTOR = YES;
				GCC_WARN_UNINITIALIZED_AUTOS = YES_AGGRESSIVE;
				GCC_WARN_UNUSED_FUNCTION = YES;
				GCC_WARN_UNUSED_VARIABLE = YES;
				IPHONEOS_DEPLOYMENT_TARGET = 18.2;
				LOCALIZATION_PREFERS_STRING_CATALOGS = YES;
				MTL_ENABLE_DEBUG_INFO = INCLUDE_SOURCE;
				MTL_FAST_MATH = YES;
				ONLY_ACTIVE_ARCH = YES;
				SDKROOT = iphoneos;
				SWIFT_ACTIVE_COMPILATION_CONDITIONS = "DEBUG $(inherited)";
				SWIFT_OPTIMIZATION_LEVEL = "-Onone";
			};
			name = Debug;
		};
		5CEECB7A2E9BBBFB007D7F65 /* Release */ = {
			isa = XCBuildConfiguration;
			buildSettings = {
				ALWAYS_SEARCH_USER_PATHS = NO;
				ASSETCATALOG_COMPILER_GENERATE_SWIFT_ASSET_SYMBOL_EXTENSIONS = YES;
				CLANG_ANALYZER_NONNULL = YES;
				CLANG_ANALYZER_NUMBER_OBJECT_CONVERSION = YES_AGGRESSIVE;
				CLANG_CXX_LANGUAGE_STANDARD = "gnu++20";
				CLANG_ENABLE_MODULES = YES;
				CLANG_ENABLE_OBJC_ARC = YES;
				CLANG_ENABLE_OBJC_WEAK = YES;
				CLANG_WARN_BLOCK_CAPTURE_AUTORELEASING = YES;
				CLANG_WARN_BOOL_CONVERSION = YES;
				CLANG_WARN_COMMA = YES;
				CLANG_WARN_CONSTANT_CONVERSION = YES;
				CLANG_WARN_DEPRECATED_OBJC_IMPLEMENTATIONS = YES;
				CLANG_WARN_DIRECT_OBJC_ISA_USAGE = YES_ERROR;
				CLANG_WARN_DOCUMENTATION_COMMENTS = YES;
				CLANG_WARN_EMPTY_BODY = YES;
				CLANG_WARN_ENUM_CONVERSION = YES;
				CLANG_WARN_INFINITE_RECURSION = YES;
				CLANG_WARN_INT_CONVERSION = YES;
				CLANG_WARN_NON_LITERAL_NULL_CONVERSION = YES;
				CLANG_WARN_OBJC_IMPLICIT_RETAIN_SELF = YES;
				CLANG_WARN_OBJC_LITERAL_CONVERSION = YES;
				CLANG_WARN_OBJC_ROOT_CLASS = YES_ERROR;
				CLANG_WARN_QUOTED_INCLUDE_IN_FRAMEWORK_HEADER = YES;
				CLANG_WARN_RANGE_LOOP_ANALYSIS = YES;
				CLANG_WARN_STRICT_PROTOTYPES = YES;
				CLANG_WARN_SUSPICIOUS_MOVE = YES;
				CLANG_WARN_UNGUARDED_AVAILABILITY = YES_AGGRESSIVE;
				CLANG_WARN_UNREACHABLE_CODE = YES;
				CLANG_WARN__DUPLICATE_METHOD_MATCH = YES;
				COPY_PHASE_STRIP = NO;
				DEBUG_INFORMATION_FORMAT = "dwarf-with-dsym";
				ENABLE_NS_ASSERTIONS = NO;
				ENABLE_STRICT_OBJC_MSGSEND = YES;
				ENABLE_USER_SCRIPT_SANDBOXING = YES;
				GCC_C_LANGUAGE_STANDARD = gnu17;
				GCC_NO_COMMON_BLOCKS = YES;
				GCC_WARN_64_TO_32_BIT_CONVERSION = YES;
				GCC_WARN_ABOUT_RETURN_TYPE = YES_ERROR;
				GCC_WARN_UNDECLARED_SELECTOR = YES;
				GCC_WARN_UNINITIALIZED_AUTOS = YES_AGGRESSIVE;
				GCC_WARN_UNUSED_FUNCTION = YES;
				GCC_WARN_UNUSED_VARIABLE = YES;
				IPHONEOS_DEPLOYMENT_TARGET = 18.2;
				LOCALIZATION_PREFERS_STRING_CATALOGS = YES;
				MTL_ENABLE_DEBUG_INFO = NO;
				MTL_FAST_MATH = YES;
				SDKROOT = iphoneos;
				SWIFT_COMPILATION_MODE = wholemodule;
				VALIDATE_PRODUCT = YES;
			};
			name = Release;
		};
		5CEECB7C2E9BBBFB007D7F65 /* Debug */ = {
			isa = XCBuildConfiguration;
			buildSettings = {
				ASSETCATALOG_COMPILER_APPICON_NAME = AppIcon;
				ASSETCATALOG_COMPILER_GLOBAL_ACCENT_COLOR_NAME = AccentColor;
				ASSETCATALOG_COMPILER_INCLUDE_ALL_APPICON_ASSETS = YES;
				CODE_SIGN_STYLE = Automatic;
				CURRENT_PROJECT_VERSION = 1;
				DEVELOPMENT_ASSET_PATHS = "\"flashcards/Preview Content\"";
				DEVELOPMENT_TEAM = 5RXW63M3JX;
				ENABLE_PREVIEWS = YES;
				GENERATE_INFOPLIST_FILE = YES;
				INFOPLIST_KEY_CFBundleDisplayName = MinimalCards;
				INFOPLIST_KEY_LSApplicationCategoryType = "public.app-category.education";
				INFOPLIST_KEY_UIApplicationSceneManifest_Generation = YES;
				INFOPLIST_KEY_UIApplicationSupportsIndirectInputEvents = YES;
				INFOPLIST_KEY_UILaunchScreen_Generation = YES;
				INFOPLIST_KEY_UILaunchStoryboardName = "Launch Screen.storyboard";
				INFOPLIST_KEY_UISupportedInterfaceOrientations = UIInterfaceOrientationPortrait;
				LD_RUNPATH_SEARCH_PATHS = (
					"$(inherited)",
					"@executable_path/Frameworks",
				);
				MARKETING_VERSION = 1.0;
				PRODUCT_BUNDLE_IDENTIFIER = samchamani.flashcards;
				PRODUCT_NAME = MinimalCards;
				SWIFT_EMIT_LOC_STRINGS = YES;
				SWIFT_VERSION = 5.0;
				TARGETED_DEVICE_FAMILY = "1,2";
			};
			name = Debug;
		};
		5CEECB7D2E9BBBFB007D7F65 /* Release */ = {
			isa = XCBuildConfiguration;
			buildSettings = {
				ASSETCATALOG_COMPILER_APPICON_NAME = AppIcon;
				ASSETCATALOG_COMPILER_GLOBAL_ACCENT_COLOR_NAME = AccentColor;
				ASSETCATALOG_COMPILER_INCLUDE_ALL_APPICON_ASSETS = YES;
				CODE_SIGN_STYLE = Automatic;
				CURRENT_PROJECT_VERSION = 1;
				DEVELOPMENT_ASSET_PATHS = "\"flashcards/Preview Content\"";
				DEVELOPMENT_TEAM = 5RXW63M3JX;
				ENABLE_PREVIEWS = YES;
				GENERATE_INFOPLIST_FILE = YES;
				INFOPLIST_KEY_CFBundleDisplayName = MinimalCards;
				INFOPLIST_KEY_LSApplicationCategoryType = "public.app-category.education";
				INFOPLIST_KEY_UIApplicationSceneManifest_Generation = YES;
				INFOPLIST_KEY_UIApplicationSupportsIndirectInputEvents = YES;
				INFOPLIST_KEY_UILaunchScreen_Generation = YES;
				INFOPLIST_KEY_UILaunchStoryboardName = "Launch Screen.storyboard";
				INFOPLIST_KEY_UISupportedInterfaceOrientations = UIInterfaceOrientationPortrait;
				LD_RUNPATH_SEARCH_PATHS = (
					"$(inherited)",
					"@executable_path/Frameworks",
				);
				MARKETING_VERSION = 1.0;
				PRODUCT_BUNDLE_IDENTIFIER = samchamani.flashcards;
				PRODUCT_NAME = MinimalCards;
				SWIFT_EMIT_LOC_STRINGS = YES;
				SWIFT_VERSION = 5.0;
				TARGETED_DEVICE_FAMILY = "1,2";
			};
			name = Release;
		};
		5CEECB7F2E9BBBFB007D7F65 /* Debug */ = {
			isa = XCBuildConfiguration;
			buildSettings = {
				BUNDLE_LOADER = "$(TEST_HOST)";
				CODE_SIGN_STYLE = Automatic;
				CURRENT_PROJECT_VERSION = 1;
				GENERATE_INFOPLIST_FILE = YES;
				IPHONEOS_DEPLOYMENT_TARGET = 18.2;
				MARKETING_VERSION = 1.0;
				PRODUCT_BUNDLE_IDENTIFIER = samchamani.flashcardsTests;
				PRODUCT_NAME = "$(TARGET_NAME)";
				SWIFT_EMIT_LOC_STRINGS = NO;
				SWIFT_VERSION = 5.0;
				TARGETED_DEVICE_FAMILY = "1,2";
				TEST_HOST = "$(BUILT_PRODUCTS_DIR)/flashcards.app/$(BUNDLE_EXECUTABLE_FOLDER_PATH)/flashcards";
			};
			name = Debug;
		};
		5CEECB802E9BBBFB007D7F65 /* Release */ = {
			isa = XCBuildConfiguration;
			buildSettings = {
				BUNDLE_LOADER = "$(TEST_HOST)";
				CODE_SIGN_STYLE = Automatic;
				CURRENT_PROJECT_VERSION = 1;
				GENERATE_INFOPLIST_FILE = YES;
				IPHONEOS_DEPLOYMENT_TARGET = 18.2;
				MARKETING_VERSION = 1.0;
				PRODUCT_BUNDLE_IDENTIFIER = samchamani.flashcardsTests;
				PRODUCT_NAME = "$(TARGET_NAME)";
				SWIFT_EMIT_LOC_STRINGS = NO;
				SWIFT_VERSION = 5.0;
				TARGETED_DEVICE_FAMILY = "1,2";
				TEST_HOST = "$(BUILT_PRODUCTS_DIR)/flashcards.app/$(BUNDLE_EXECUTABLE_FOLDER_PATH)/flashcards";
			};
			name = Release;
		};
		5CEECB822E9BBBFB007D7F65 /* Debug */ = {
			isa = XCBuildConfiguration;
			buildSettings = {
				CODE_SIGN_STYLE = Automatic;
				CURRENT_PROJECT_VERSION = 1;
				GENERATE_INFOPLIST_FILE = YES;
				MARKETING_VERSION = 1.0;
				PRODUCT_BUNDLE_IDENTIFIER = samchamani.flashcardsUITests;
				PRODUCT_NAME = "$(TARGET_NAME)";
				SWIFT_EMIT_LOC_STRINGS = NO;
				SWIFT_VERSION = 5.0;
				TARGETED_DEVICE_FAMILY = "1,2";
				TEST_TARGET_NAME = flashcards;
			};
			name = Debug;
		};
		5CEECB832E9BBBFB007D7F65 /* Release */ = {
			isa = XCBuildConfiguration;
			buildSettings = {
				CODE_SIGN_STYLE = Automatic;
				CURRENT_PROJECT_VERSION = 1;
				GENERATE_INFOPLIST_FILE = YES;
				MARKETING_VERSION = 1.0;
				PRODUCT_BUNDLE_IDENTIFIER = samchamani.flashcardsUITests;
				PRODUCT_NAME = "$(TARGET_NAME)";
				SWIFT_EMIT_LOC_STRINGS = NO;
				SWIFT_VERSION = 5.0;
				TARGETED_DEVICE_FAMILY = "1,2";
				TEST_TARGET_NAME = flashcards;
			};
			name = Release;
		};
/* End XCBuildConfiguration section */

/* Begin XCConfigurationList section */
		5CEECB522E9BBBFA007D7F65 /* Build configuration list for PBXProject "flashcards" */ = {
			isa = XCConfigurationList;
			buildConfigurations = (
				5CEECB792E9BBBFB007D7F65 /* Debug */,
				5CEECB7A2E9BBBFB007D7F65 /* Release */,
			);
			defaultConfigurationIsVisible = 0;
			defaultConfigurationName = Release;
		};
		5CEECB7B2E9BBBFB007D7F65 /* Build configuration list for PBXNativeTarget "flashcards" */ = {
			isa = XCConfigurationList;
			buildConfigurations = (
				5CEECB7C2E9BBBFB007D7F65 /* Debug */,
				5CEECB7D2E9BBBFB007D7F65 /* Release */,
			);
			defaultConfigurationIsVisible = 0;
			defaultConfigurationName = Release;
		};
		5CEECB7E2E9BBBFB007D7F65 /* Build configuration list for PBXNativeTarget "flashcardsTests" */ = {
			isa = XCConfigurationList;
			buildConfigurations = (
				5CEECB7F2E9BBBFB007D7F65 /* Debug */,
				5CEECB802E9BBBFB007D7F65 /* Release */,
			);
			defaultConfigurationIsVisible = 0;
			defaultConfigurationName = Release;
		};
		5CEECB812E9BBBFB007D7F65 /* Build configuration list for PBXNativeTarget "flashcardsUITests" */ = {
			isa = XCConfigurationList;
			buildConfigurations = (
				5CEECB822E9BBBFB007D7F65 /* Debug */,
				5CEECB832E9BBBFB007D7F65 /* Release */,
			);
			defaultConfigurationIsVisible = 0;
			defaultConfigurationName = Release;
		};
/* End XCConfigurationList section */

/* Begin XCRemoteSwiftPackageReference section */
		5C8334672E9FD2B000DAE589 /* XCRemoteSwiftPackageReference "SwiftCSV" */ = {
			isa = XCRemoteSwiftPackageReference;
			repositoryURL = "https://github.com/swiftcsv/SwiftCSV";
			requirement = {
				kind = upToNextMajorVersion;
				minimumVersion = 0.10.0;
			};
		};
/* End XCRemoteSwiftPackageReference section */

/* Begin XCSwiftPackageProductDependency section */
		5CDFC6572E9FD32300634628 /* SwiftCSV */ = {
			isa = XCSwiftPackageProductDependency;
			package = 5C8334672E9FD2B000DAE589 /* XCRemoteSwiftPackageReference "SwiftCSV" */;
			productName = SwiftCSV;
		};
/* End XCSwiftPackageProductDependency section */
	};
	rootObject = 5CEECB4F2E9BBBFA007D7F65 /* Project object */;
}
